
Microsoft Visual Studio Solution File, Format Version 12.00
# Visual Studio Version 16
VisualStudioVersion = 16.0.31205.134
MinimumVisualStudioVersion = 10.0.40219.1
Project("{9A19103F-16F7-4668-BE54-9A1E7A4F7556}") = "BuildAppYD.WebAPI", "BuildAppYD.WebAPI\BuildAppYD.WebAPI.csproj", "{98BFA161-4CA2-4DC9-975F-16BF6C79D791}"
EndProject
Project("{9A19103F-16F7-4668-BE54-9A1E7A4F7556}") = "BuildAppYD.Entities", "BuildAppYD.Entities\BuildAppYD.Entities.csproj", "{FBB9A8C9-FCE3-49DF-8E00-DCF4D97CD22C}"
EndProject
Project("{9A19103F-16F7-4668-BE54-9A1E7A4F7556}") = "BuildAppYD.DataAccess", "BuildAppYD.DataAccess\BuildAppYD.DataAccess.csproj", "{0101121B-7BF9-42D0-9AB8-1EFAA25AA666}"
EndProject
Project("{9A19103F-16F7-4668-BE54-9A1E7A4F7556}") = "BuildAppYD.Core", "BuildAppYD.Core\BuildAppYD.Core.csproj", "{9B02FF6E-5AB2-4879-97BE-AAC48968F47A}"
EndProject
Project("{9A19103F-16F7-4668-BE54-9A1E7A4F7556}") = "BuildAppYD.Business", "BuildAppYD.Business\BuildAppYD.Business.csproj", "{FBE0AA14-1EBE-48C8-8878-D9ECAA26B15A}"
EndProject
Global
	GlobalSection(SolutionConfigurationPlatforms) = preSolution
		Debug|Any CPU = Debug|Any CPU
		Release|Any CPU = Release|Any CPU
	EndGlobalSection
	GlobalSection(ProjectConfigurationPlatforms) = postSolution
		{98BFA161-4CA2-4DC9-975F-16BF6C79D791}.Debug|Any CPU.ActiveCfg = Debug|Any CPU
		{98BFA161-4CA2-4DC9-975F-16BF6C79D791}.Debug|Any CPU.Build.0 = Debug|Any CPU
		{98BFA161-4CA2-4DC9-975F-16BF6C79D791}.Release|Any CPU.ActiveCfg = Release|Any CPU
		{98BFA161-4CA2-4DC9-975F-16BF6C79D791}.Release|Any CPU.Build.0 = Release|Any CPU
		{FBB9A8C9-FCE3-49DF-8E00-DCF4D97CD22C}.Debug|Any CPU.ActiveCfg = Debug|Any CPU
		{FBB9A8C9-FCE3-49DF-8E00-DCF4D97CD22C}.Debug|Any CPU.Build.0 = Debug|Any CPU
		{FBB9A8C9-FCE3-49DF-8E00-DCF4D97CD22C}.Release|Any CPU.ActiveCfg = Release|Any CPU
		{FBB9A8C9-FCE3-49DF-8E00-DCF4D97CD22C}.Release|Any CPU.Build.0 = Release|Any CPU
		{0101121B-7BF9-42D0-9AB8-1EFAA25AA666}.Debug|Any CPU.ActiveCfg = Debug|Any CPU
		{0101121B-7BF9-42D0-9AB8-1EFAA25AA666}.Debug|Any CPU.Build.0 = Debug|Any CPU
		{0101121B-7BF9-42D0-9AB8-1EFAA25AA666}.Release|Any CPU.ActiveCfg = Release|Any CPU
		{0101121B-7BF9-42D0-9AB8-1EFAA25AA666}.Release|Any CPU.Build.0 = Release|Any CPU
		{9B02FF6E-5AB2-4879-97BE-AAC48968F47A}.Debug|Any CPU.ActiveCfg = Debug|Any CPU
		{9B02FF6E-5AB2-4879-97BE-AAC48968F47A}.Debug|Any CPU.Build.0 = Debug|Any CPU
		{9B02FF6E-5AB2-4879-97BE-AAC48968F47A}.Release|Any CPU.ActiveCfg = Release|Any CPU
		{9B02FF6E-5AB2-4879-97BE-AAC48968F47A}.Release|Any CPU.Build.0 = Release|Any CPU
		{FBE0AA14-1EBE-48C8-8878-D9ECAA26B15A}.Debug|Any CPU.ActiveCfg = Debug|Any CPU
		{FBE0AA14-1EBE-48C8-8878-D9ECAA26B15A}.Debug|Any CPU.Build.0 = Debug|Any CPU
		{FBE0AA14-1EBE-48C8-8878-D9ECAA26B15A}.Release|Any CPU.ActiveCfg = Release|Any CPU
		{FBE0AA14-1EBE-48C8-8878-D9ECAA26B15A}.Release|Any CPU.Build.0 = Release|Any CPU
	EndGlobalSection
	GlobalSection(SolutionProperties) = preSolution
		HideSolutionNode = FALSE
	EndGlobalSection
	GlobalSection(ExtensibilityGlobals) = postSolution
		SolutionGuid = {C396E3DC-6FE9-4199-90C8-B15D3FC7F545}
	EndGlobalSection
EndGlobal
